// !$*UTF8*$!
{
	archiveVersion = 1;
	classes = {
	};
	objectVersion = 46;
	objects = {

/* Begin PBXBuildFile section */
		6B37705F1F6EED57006E9AE3 /* AppDelegate.swift in Sources */ = {isa = PBXBuildFile; fileRef = 6B37705E1F6EED57006E9AE3 /* AppDelegate.swift */; };
		6B3770611F6EED57006E9AE3 /* HomeViewController.swift in Sources */ = {isa = PBXBuildFile; fileRef = 6B3770601F6EED57006E9AE3 /* HomeViewController.swift */; };
		6B3770661F6EED57006E9AE3 /* Main.storyboard in Resources */ = {isa = PBXBuildFile; fileRef = 6B3770641F6EED57006E9AE3 /* Main.storyboard */; };
		6B3770681F6EED57006E9AE3 /* Assets.xcassets in Resources */ = {isa = PBXBuildFile; fileRef = 6B3770671F6EED57006E9AE3 /* Assets.xcassets */; };
		6B37706B1F6EED57006E9AE3 /* LaunchScreen.storyboard in Resources */ = {isa = PBXBuildFile; fileRef = 6B3770691F6EED57006E9AE3 /* LaunchScreen.storyboard */; };
		6B3770751F6EF8FA006E9AE3 /* EditingViewController.swift in Sources */ = {isa = PBXBuildFile; fileRef = 6B3770741F6EF8FA006E9AE3 /* EditingViewController.swift */; };
		6B3770811F6EFE1F006E9AE3 /* TabbedApplicationModel.swift in Sources */ = {isa = PBXBuildFile; fileRef = 6B3770801F6EFE1F006E9AE3 /* TabbedApplicationModel.swift */; };
		6B3770851F6F0444006E9AE3 /* FlashCardsViewController.swift in Sources */ = {isa = PBXBuildFile; fileRef = 6B3770841F6F0444006E9AE3 /* FlashCardsViewController.swift */; };
		6B3770871F6F0734006E9AE3 /* BinCalcViewController.swift in Sources */ = {isa = PBXBuildFile; fileRef = 6B3770861F6F0734006E9AE3 /* BinCalcViewController.swift */; };
		6B3770891F6F0F1E006E9AE3 /* EventsAndTouchesViewController.swift in Sources */ = {isa = PBXBuildFile; fileRef = 6B3770881F6F0F1E006E9AE3 /* EventsAndTouchesViewController.swift */; };
		6B37708B1F6F11E5006E9AE3 /* ViewController.swift in Sources */ = {isa = PBXBuildFile; fileRef = 6B37708A1F6F11E5006E9AE3 /* ViewController.swift */; };
		6B37708D1F6F1200006E9AE3 /* ConcentratedView.swift in Sources */ = {isa = PBXBuildFile; fileRef = 6B37708C1F6F1200006E9AE3 /* ConcentratedView.swift */; };
		6BE3A8C51F7073900039D7E1 /* GlobalVar.swift in Sources */ = {isa = PBXBuildFile; fileRef = 6BE3A8C41F7073900039D7E1 /* GlobalVar.swift */; };
/* End PBXBuildFile section */

/* Begin PBXFileReference section */
		6B37705B1F6EED57006E9AE3 /* Tabbed Application.app */ = {isa = PBXFileReference; explicitFileType = wrapper.application; includeInIndex = 0; path = "Tabbed Application.app"; sourceTree = BUILT_PRODUCTS_DIR; };
		6B37705E1F6EED57006E9AE3 /* AppDelegate.swift */ = {isa = PBXFileReference; lastKnownFileType = sourcecode.swift; path = AppDelegate.swift; sourceTree = "<group>"; };
		6B3770601F6EED57006E9AE3 /* HomeViewController.swift */ = {isa = PBXFileReference; lastKnownFileType = sourcecode.swift; path = HomeViewController.swift; sourceTree = "<group>"; };
		6B3770651F6EED57006E9AE3 /* Base */ = {isa = PBXFileReference; lastKnownFileType = file.storyboard; name = Base; path = Base.lproj/Main.storyboard; sourceTree = "<group>"; };
		6B3770671F6EED57006E9AE3 /* Assets.xcassets */ = {isa = PBXFileReference; lastKnownFileType = folder.assetcatalog; path = Assets.xcassets; sourceTree = "<group>"; };
		6B37706A1F6EED57006E9AE3 /* Base */ = {isa = PBXFileReference; lastKnownFileType = file.storyboard; name = Base; path = Base.lproj/LaunchScreen.storyboard; sourceTree = "<group>"; };
		6B37706C1F6EED57006E9AE3 /* Info.plist */ = {isa = PBXFileReference; lastKnownFileType = text.plist.xml; path = Info.plist; sourceTree = "<group>"; };
		6B3770741F6EF8FA006E9AE3 /* EditingViewController.swift */ = {isa = PBXFileReference; fileEncoding = 4; lastKnownFileType = sourcecode.swift; path = EditingViewController.swift; sourceTree = "<group>"; };
		6B3770801F6EFE1F006E9AE3 /* TabbedApplicationModel.swift */ = {isa = PBXFileReference; fileEncoding = 4; lastKnownFileType = sourcecode.swift; path = TabbedApplicationModel.swift; sourceTree = "<group>"; };
		6B3770841F6F0444006E9AE3 /* FlashCardsViewController.swift */ = {isa = PBXFileReference; fileEncoding = 4; lastKnownFileType = sourcecode.swift; path = FlashCardsViewController.swift; sourceTree = "<group>"; };
		6B3770861F6F0734006E9AE3 /* BinCalcViewController.swift */ = {isa = PBXFileReference; fileEncoding = 4; lastKnownFileType = sourcecode.swift; path = BinCalcViewController.swift; sourceTree = "<group>"; };
		6B3770881F6F0F1E006E9AE3 /* EventsAndTouchesViewController.swift */ = {isa = PBXFileReference; fileEncoding = 4; lastKnownFileType = sourcecode.swift; path = EventsAndTouchesViewController.swift; sourceTree = "<group>"; };
		6B37708A1F6F11E5006E9AE3 /* ViewController.swift */ = {isa = PBXFileReference; fileEncoding = 4; lastKnownFileType = sourcecode.swift; path = ViewController.swift; sourceTree = "<group>"; };
		6B37708C1F6F1200006E9AE3 /* ConcentratedView.swift */ = {isa = PBXFileReference; fileEncoding = 4; lastKnownFileType = sourcecode.swift; path = ConcentratedView.swift; sourceTree = "<group>"; };
		6BE3A8C41F7073900039D7E1 /* GlobalVar.swift */ = {isa = PBXFileReference; fileEncoding = 4; lastKnownFileType = sourcecode.swift; path = GlobalVar.swift; sourceTree = "<group>"; };
/* End PBXFileReference section */

/* Begin PBXFrameworksBuildPhase section */
		6B3770581F6EED57006E9AE3 /* Frameworks */ = {
			isa = PBXFrameworksBuildPhase;
			buildActionMask = 2147483647;
			files = (
			);
			runOnlyForDeploymentPostprocessing = 0;
		};
/* End PBXFrameworksBuildPhase section */

/* Begin PBXGroup section */
		6B3770521F6EED57006E9AE3 = {
			isa = PBXGroup;
			children = (
				6B37705D1F6EED57006E9AE3 /* Tabbed Application */,
				6B37705C1F6EED57006E9AE3 /* Products */,
			);
			sourceTree = "<group>";
		};
		6B37705C1F6EED57006E9AE3 /* Products */ = {
			isa = PBXGroup;
			children = (
				6B37705B1F6EED57006E9AE3 /* Tabbed Application.app */,
			);
			name = Products;
			sourceTree = "<group>";
		};
		6B37705D1F6EED57006E9AE3 /* Tabbed Application */ = {
			isa = PBXGroup;
			children = (
				6B37705E1F6EED57006E9AE3 /* AppDelegate.swift */,
				6B3770601F6EED57006E9AE3 /* HomeViewController.swift */,
				6B3770841F6F0444006E9AE3 /* FlashCardsViewController.swift */,
				6B3770741F6EF8FA006E9AE3 /* EditingViewController.swift */,
				6B3770861F6F0734006E9AE3 /* BinCalcViewController.swift */,
				6B3770881F6F0F1E006E9AE3 /* EventsAndTouchesViewController.swift */,
				6B37708A1F6F11E5006E9AE3 /* ViewController.swift */,
				6B37708C1F6F1200006E9AE3 /* ConcentratedView.swift */,
				6B3770801F6EFE1F006E9AE3 /* TabbedApplicationModel.swift */,
				6BE3A8C41F7073900039D7E1 /* GlobalVar.swift */,
				6B3770641F6EED57006E9AE3 /* Main.storyboard */,
				6B3770671F6EED57006E9AE3 /* Assets.xcassets */,
				6B3770691F6EED57006E9AE3 /* LaunchScreen.storyboard */,
				6B37706C1F6EED57006E9AE3 /* Info.plist */,
			);
			path = "Tabbed Application";
			sourceTree = "<group>";
		};
/* End PBXGroup section */

/* Begin PBXNativeTarget section */
		6B37705A1F6EED57006E9AE3 /* Tabbed Application */ = {
			isa = PBXNativeTarget;
			buildConfigurationList = 6B37706F1F6EED57006E9AE3 /* Build configuration list for PBXNativeTarget "Tabbed Application" */;
			buildPhases = (
				6B3770571F6EED57006E9AE3 /* Sources */,
				6B3770581F6EED57006E9AE3 /* Frameworks */,
				6B3770591F6EED57006E9AE3 /* Resources */,
			);
			buildRules = (
			);
			dependencies = (
			);
			name = "Tabbed Application";
			productName = "Tabbed Application";
			productReference = 6B37705B1F6EED57006E9AE3 /* Tabbed Application.app */;
			productType = "com.apple.product-type.application";
		};
/* End PBXNativeTarget section */

/* Begin PBXProject section */
		6B3770531F6EED57006E9AE3 /* Project object */ = {
			isa = PBXProject;
			attributes = {
				LastSwiftUpdateCheck = 0830;
				LastUpgradeCheck = 0830;
				ORGANIZATIONNAME = "A290/A590 Fall 2017 - zy7";
				TargetAttributes = {
					6B37705A1F6EED57006E9AE3 = {
						CreatedOnToolsVersion = 8.3.3;
						ProvisioningStyle = Automatic;
					};
				};
			};
			buildConfigurationList = 6B3770561F6EED57006E9AE3 /* Build configuration list for PBXProject "Tabbed Application" */;
			compatibilityVersion = "Xcode 3.2";
			developmentRegion = English;
			hasScannedForEncodings = 0;
			knownRegions = (
				en,
				Base,
			);
			mainGroup = 6B3770521F6EED57006E9AE3;
			productRefGroup = 6B37705C1F6EED57006E9AE3 /* Products */;
			projectDirPath = "";
			projectRoot = "";
			targets = (
				6B37705A1F6EED57006E9AE3 /* Tabbed Application */,
			);
		};
/* End PBXProject section */

/* Begin PBXResourcesBuildPhase section */
		6B3770591F6EED57006E9AE3 /* Resources */ = {
			isa = PBXResourcesBuildPhase;
			buildActionMask = 2147483647;
			files = (
				6B37706B1F6EED57006E9AE3 /* LaunchScreen.storyboard in Resources */,
				6B3770681F6EED57006E9AE3 /* Assets.xcassets in Resources */,
				6B3770661F6EED57006E9AE3 /* Main.storyboard in Resources */,
			);
			runOnlyForDeploymentPostprocessing = 0;
		};
/* End PBXResourcesBuildPhase section */

/* Begin PBXSourcesBuildPhase section */
		6B3770571F6EED57006E9AE3 /* Sources */ = {
			isa = PBXSourcesBuildPhase;
			buildActionMask = 2147483647;
			files = (
				6BE3A8C51F7073900039D7E1 /* GlobalVar.swift in Sources */,
				6B3770871F6F0734006E9AE3 /* BinCalcViewController.swift in Sources */,
				6B37705F1F6EED57006E9AE3 /* AppDelegate.swift in Sources */,
				6B3770851F6F0444006E9AE3 /* FlashCardsViewController.swift in Sources */,
				6B3770751F6EF8FA006E9AE3 /* EditingViewController.swift in Sources */,
				6B3770891F6F0F1E006E9AE3 /* EventsAndTouchesViewController.swift in Sources */,
				6B37708D1F6F1200006E9AE3 /* ConcentratedView.swift in Sources */,
				6B3770811F6EFE1F006E9AE3 /* TabbedApplicationModel.swift in Sources */,
				6B37708B1F6F11E5006E9AE3 /* ViewController.swift in Sources */,
				6B3770611F6EED57006E9AE3 /* HomeViewController.swift in Sources */,
			);
			runOnlyForDeploymentPostprocessing = 0;
		};
/* End PBXSourcesBuildPhase section */

/* Begin PBXVariantGroup section */
		6B3770641F6EED57006E9AE3 /* Main.storyboard */ = {
			isa = PBXVariantGroup;
			children = (
				6B3770651F6EED57006E9AE3 /* Base */,
			);
			name = Main.storyboard;
			sourceTree = "<group>";
		};
		6B3770691F6EED57006E9AE3 /* LaunchScreen.storyboard */ = {
			isa = PBXVariantGroup;
			children = (
				6B37706A1F6EED57006E9AE3 /* Base */,
			);
			name = LaunchScreen.storyboard;
			sourceTree = "<group>";
		};
/* End PBXVariantGroup section */

/* Begin XCBuildConfiguration section */
		6B37706D1F6EED57006E9AE3 /* Debug */ = {
			isa = XCBuildConfiguration;
			buildSettings = {
				ALWAYS_SEARCH_USER_PATHS = NO;
				CLANG_ANALYZER_NONNULL = YES;
				CLANG_ANALYZER_NUMBER_OBJECT_CONVERSION = YES_AGGRESSIVE;
				CLANG_CXX_LANGUAGE_STANDARD = "gnu++0x";
				CLANG_CXX_LIBRARY = "libc++";
				CLANG_ENABLE_MODULES = YES;
				CLANG_ENABLE_OBJC_ARC = YES;
				CLANG_WARN_BOOL_CONVERSION = YES;
				CLANG_WARN_CONSTANT_CONVERSION = YES;
				CLANG_WARN_DIRECT_OBJC_ISA_USAGE = YES_ERROR;
				CLANG_WARN_DOCUMENTATION_COMMENTS = YES;
				CLANG_WARN_EMPTY_BODY = YES;
				CLANG_WARN_ENUM_CONVERSION = YES;
				CLANG_WARN_INFINITE_RECURSION = YES;
				CLANG_WARN_INT_CONVERSION = YES;
				CLANG_WARN_OBJC_ROOT_CLASS = YES_ERROR;
				CLANG_WARN_SUSPICIOUS_MOVE = YES;
				CLANG_WARN_UNREACHABLE_CODE = YES;
				CLANG_WARN__DUPLICATE_METHOD_MATCH = YES;
				"CODE_SIGN_IDENTITY[sdk=iphoneos*]" = "iPhone Developer";
				COPY_PHASE_STRIP = NO;
				DEBUG_INFORMATION_FORMAT = dwarf;
				ENABLE_STRICT_OBJC_MSGSEND = YES;
				ENABLE_TESTABILITY = YES;
				GCC_C_LANGUAGE_STANDARD = gnu99;
				GCC_DYNAMIC_NO_PIC = NO;
				GCC_NO_COMMON_BLOCKS = YES;
				GCC_OPTIMIZATION_LEVEL = 0;
				GCC_PREPROCESSOR_DEFINITIONS = (
					"DEBUG=1",
					"$(inherited)",
				);
				GCC_WARN_64_TO_32_BIT_CONVERSION = YES;
				GCC_WARN_ABOUT_RETURN_TYPE = YES_ERROR;
				GCC_WARN_UNDECLARED_SELECTOR = YES;
				GCC_WARN_UNINITIALIZED_AUTOS = YES_AGGRESSIVE;
				GCC_WARN_UNUSED_FUNCTION = YES;
				GCC_WARN_UNUSED_VARIABLE = YES;
				IPHONEOS_DEPLOYMENT_TARGET = 10.3;
				MTL_ENABLE_DEBUG_INFO = YES;
				ONLY_ACTIVE_ARCH = YES;
				SDKROOT = iphoneos;
				SWIFT_ACTIVE_COMPILATION_CONDITIONS = DEBUG;
				SWIFT_OPTIMIZATION_LEVEL = "-Onone";
				TARGETED_DEVICE_FAMILY = "1,2";
			};
			name = Debug;
		};
		6B37706E1F6EED57006E9AE3 /* Release */ = {
			isa = XCBuildConfiguration;
			buildSettings = {
				ALWAYS_SEARCH_USER_PATHS = NO;
				CLANG_ANALYZER_NONNULL = YES;
				CLANG_ANALYZER_NUMBER_OBJECT_CONVERSION = YES_AGGRESSIVE;
				CLANG_CXX_LANGUAGE_STANDARD = "gnu++0x";
				CLANG_CXX_LIBRARY = "libc++";
				CLANG_ENABLE_MODULES = YES;
				CLANG_ENABLE_OBJC_ARC = YES;
				CLANG_WARN_BOOL_CONVERSION = YES;
				CLANG_WARN_CONSTANT_CONVERSION = YES;
				CLANG_WARN_DIRECT_OBJC_ISA_USAGE = YES_ERROR;
				CLANG_WARN_DOCUMENTATION_COMMENTS = YES;
				CLANG_WARN_EMPTY_BODY = YES;
				CLANG_WARN_ENUM_CONVERSION = YES;
				CLANG_WARN_INFINITE_RECURSION = YES;
				CLANG_WARN_INT_CONVERSION = YES;
				CLANG_WARN_OBJC_ROOT_CLASS = YES_ERROR;
				CLANG_WARN_SUSPICIOUS_MOVE = YES;
				CLANG_WARN_UNREACHABLE_CODE = YES;
				CLANG_WARN__DUPLICATE_METHOD_MATCH = YES;
				"CODE_SIGN_IDENTITY[sdk=iphoneos*]" = "iPhone Developer";
				COPY_PHASE_STRIP = NO;
				DEBUG_INFORMATION_FORMAT = "dwarf-with-dsym";
				ENABLE_NS_ASSERTIONS = NO;
				ENABLE_STRICT_OBJC_MSGSEND = YES;
				GCC_C_LANGUAGE_STANDARD = gnu99;
				GCC_NO_COMMON_BLOCKS = YES;
				GCC_WARN_64_TO_32_BIT_CONVERSION = YES;
				GCC_WARN_ABOUT_RETURN_TYPE = YES_ERROR;
				GCC_WARN_UNDECLARED_SELECTOR = YES;
				GCC_WARN_UNINITIALIZED_AUTOS = YES_AGGRESSIVE;
				GCC_WARN_UNUSED_FUNCTION = YES;
				GCC_WARN_UNUSED_VARIABLE = YES;
				IPHONEOS_DEPLOYMENT_TARGET = 10.3;
				MTL_ENABLE_DEBUG_INFO = NO;
				SDKROOT = iphoneos;
				SWIFT_OPTIMIZATION_LEVEL = "-Owholemodule";
				TARGETED_DEVICE_FAMILY = "1,2";
				VALIDATE_PRODUCT = YES;
			};
			name = Release;
		};
		6B3770701F6EED57006E9AE3 /* Debug */ = {
			isa = XCBuildConfiguration;
			buildSettings = {
				ASSETCATALOG_COMPILER_APPICON_NAME = AppIcon;
				INFOPLIST_FILE = "Tabbed Application/Info.plist";
				LD_RUNPATH_SEARCH_PATHS = "$(inherited) @executable_path/Frameworks";
				PRODUCT_BUNDLE_IDENTIFIER = "edu.indiana.cs.a290zy7.Tabbed-Application";
				PRODUCT_NAME = "$(TARGET_NAME)";
				SWIFT_VERSION = 3.0;
			};
			name = Debug;
		};
		6B3770711F6EED57006E9AE3 /* Release */ = {
			isa = XCBuildConfiguration;
			buildSettings = {
				ASSETCATALOG_COMPILER_APPICON_NAME = AppIcon;
				INFOPLIST_FILE = "Tabbed Application/Info.plist";
				LD_RUNPATH_SEARCH_PATHS = "$(inherited) @executable_path/Frameworks";
				PRODUCT_BUNDLE_IDENTIFIER = "edu.indiana.cs.a290zy7.Tabbed-Application";
				PRODUCT_NAME = "$(TARGET_NAME)";
				SWIFT_VERSION = 3.0;
			};
			name = Release;
		};
/* End XCBuildConfiguration section */

/* Begin XCConfigurationList section */
		6B3770561F6EED57006E9AE3 /* Build configuration list for PBXProject "Tabbed Application" */ = {
			isa = XCConfigurationList;
			buildConfigurations = (
				6B37706D1F6EED57006E9AE3 /* Debug */,
				6B37706E1F6EED57006E9AE3 /* Release */,
			);
			defaultConfigurationIsVisible = 0;
			defaultConfigurationName = Release;
		};
		6B37706F1F6EED57006E9AE3 /* Build configuration list for PBXNativeTarget "Tabbed Application" */ = {
			isa = XCConfigurationList;
			buildConfigurations = (
				6B3770701F6EED57006E9AE3 /* Debug */,
				6B3770711F6EED57006E9AE3 /* Release */,
			);
			defaultConfigurationIsVisible = 0;
			defaultConfigurationName = Release;
		};
/* End XCConfigurationList section */
	};
	rootObject = 6B3770531F6EED57006E9AE3 /* Project object */;
}
