// !$*UTF8*$!
{
	archiveVersion = 1;
	classes = {
	};
	objectVersion = 46;
	objects = {

/* Begin PBXBuildFile section */
		6B9C551F1F8ED31B001E07FD /* Constants.swift in Sources */ = {isa = PBXBuildFile; fileRef = 6B9C551E1F8ED31B001E07FD /* Constants.swift */; };
		6BD822621F8C28A800A25A5E /* AppDelegate.swift in Sources */ = {isa = PBXBuildFile; fileRef = 6BD822611F8C28A800A25A5E /* AppDelegate.swift */; };
		6BD822641F8C28A800A25A5E /* ViewController.swift in Sources */ = {isa = PBXBuildFile; fileRef = 6BD822631F8C28A800A25A5E /* ViewController.swift */; };
		6BD822671F8C28A800A25A5E /* Main.storyboard in Resources */ = {isa = PBXBuildFile; fileRef = 6BD822651F8C28A800A25A5E /* Main.storyboard */; };
		6BD822691F8C28A800A25A5E /* Assets.xcassets in Resources */ = {isa = PBXBuildFile; fileRef = 6BD822681F8C28A800A25A5E /* Assets.xcassets */; };
		6BD8226C1F8C28A800A25A5E /* LaunchScreen.storyboard in Resources */ = {isa = PBXBuildFile; fileRef = 6BD8226A1F8C28A800A25A5E /* LaunchScreen.storyboard */; };
		6BD822741F8C28BE00A25A5E /* Settings.bundle in Resources */ = {isa = PBXBuildFile; fileRef = 6BD822731F8C28BE00A25A5E /* Settings.bundle */; };
/* End PBXBuildFile section */

/* Begin PBXFileReference section */
		6B9C551E1F8ED31B001E07FD /* Constants.swift */ = {isa = PBXFileReference; fileEncoding = 4; lastKnownFileType = sourcecode.swift; path = Constants.swift; sourceTree = "<group>"; };
		6BD8225E1F8C28A800A25A5E /* prefsAreSet.app */ = {isa = PBXFileReference; explicitFileType = wrapper.application; includeInIndex = 0; path = prefsAreSet.app; sourceTree = BUILT_PRODUCTS_DIR; };
		6BD822611F8C28A800A25A5E /* AppDelegate.swift */ = {isa = PBXFileReference; lastKnownFileType = sourcecode.swift; path = AppDelegate.swift; sourceTree = "<group>"; };
		6BD822631F8C28A800A25A5E /* ViewController.swift */ = {isa = PBXFileReference; lastKnownFileType = sourcecode.swift; path = ViewController.swift; sourceTree = "<group>"; };
		6BD822661F8C28A800A25A5E /* Base */ = {isa = PBXFileReference; lastKnownFileType = file.storyboard; name = Base; path = Base.lproj/Main.storyboard; sourceTree = "<group>"; };
		6BD822681F8C28A800A25A5E /* Assets.xcassets */ = {isa = PBXFileReference; lastKnownFileType = folder.assetcatalog; path = Assets.xcassets; sourceTree = "<group>"; };
		6BD8226B1F8C28A800A25A5E /* Base */ = {isa = PBXFileReference; lastKnownFileType = file.storyboard; name = Base; path = Base.lproj/LaunchScreen.storyboard; sourceTree = "<group>"; };
		6BD8226D1F8C28A800A25A5E /* Info.plist */ = {isa = PBXFileReference; lastKnownFileType = text.plist.xml; path = Info.plist; sourceTree = "<group>"; };
		6BD822731F8C28BE00A25A5E /* Settings.bundle */ = {isa = PBXFileReference; lastKnownFileType = "wrapper.plug-in"; path = Settings.bundle; sourceTree = "<group>"; };
/* End PBXFileReference section */

/* Begin PBXFrameworksBuildPhase section */
		6BD8225B1F8C28A800A25A5E /* Frameworks */ = {
			isa = PBXFrameworksBuildPhase;
			buildActionMask = 2147483647;
			files = (
			);
			runOnlyForDeploymentPostprocessing = 0;
		};
/* End PBXFrameworksBuildPhase section */

/* Begin PBXGroup section */
		6BD822551F8C28A800A25A5E = {
			isa = PBXGroup;
			children = (
				6BD822601F8C28A800A25A5E /* prefsAreSet */,
				6BD8225F1F8C28A800A25A5E /* Products */,
			);
			sourceTree = "<group>";
		};
		6BD8225F1F8C28A800A25A5E /* Products */ = {
			isa = PBXGroup;
			children = (
				6BD8225E1F8C28A800A25A5E /* prefsAreSet.app */,
			);
			name = Products;
			sourceTree = "<group>";
		};
		6BD822601F8C28A800A25A5E /* prefsAreSet */ = {
			isa = PBXGroup;
			children = (
				6BD822611F8C28A800A25A5E /* AppDelegate.swift */,
				6BD822631F8C28A800A25A5E /* ViewController.swift */,
				6B9C551E1F8ED31B001E07FD /* Constants.swift */,
				6BD822651F8C28A800A25A5E /* Main.storyboard */,
				6BD822681F8C28A800A25A5E /* Assets.xcassets */,
				6BD8226A1F8C28A800A25A5E /* LaunchScreen.storyboard */,
				6BD8226D1F8C28A800A25A5E /* Info.plist */,
				6BD822731F8C28BE00A25A5E /* Settings.bundle */,
			);
			path = prefsAreSet;
			sourceTree = "<group>";
		};
/* End PBXGroup section */

/* Begin PBXNativeTarget section */
		6BD8225D1F8C28A800A25A5E /* prefsAreSet */ = {
			isa = PBXNativeTarget;
			buildConfigurationList = 6BD822701F8C28A800A25A5E /* Build configuration list for PBXNativeTarget "prefsAreSet" */;
			buildPhases = (
				6BD8225A1F8C28A800A25A5E /* Sources */,
				6BD8225B1F8C28A800A25A5E /* Frameworks */,
				6BD8225C1F8C28A800A25A5E /* Resources */,
			);
			buildRules = (
			);
			dependencies = (
			);
			name = prefsAreSet;
			productName = prefsAreSet;
			productReference = 6BD8225E1F8C28A800A25A5E /* prefsAreSet.app */;
			productType = "com.apple.product-type.application";
		};
/* End PBXNativeTarget section */

/* Begin PBXProject section */
		6BD822561F8C28A800A25A5E /* Project object */ = {
			isa = PBXProject;
			attributes = {
				LastSwiftUpdateCheck = 0830;
				LastUpgradeCheck = 0830;
				ORGANIZATIONNAME = "A290/A590 Fall 2017 - zy7";
				TargetAttributes = {
					6BD8225D1F8C28A800A25A5E = {
						CreatedOnToolsVersion = 8.3.3;
						ProvisioningStyle = Automatic;
					};
				};
			};
			buildConfigurationList = 6BD822591F8C28A800A25A5E /* Build configuration list for PBXProject "prefsAreSet" */;
			compatibilityVersion = "Xcode 3.2";
			developmentRegion = English;
			hasScannedForEncodings = 0;
			knownRegions = (
				en,
				Base,
			);
			mainGroup = 6BD822551F8C28A800A25A5E;
			productRefGroup = 6BD8225F1F8C28A800A25A5E /* Products */;
			projectDirPath = "";
			projectRoot = "";
			targets = (
				6BD8225D1F8C28A800A25A5E /* prefsAreSet */,
			);
		};
/* End PBXProject section */

/* Begin PBXResourcesBuildPhase section */
		6BD8225C1F8C28A800A25A5E /* Resources */ = {
			isa = PBXResourcesBuildPhase;
			buildActionMask = 2147483647;
			files = (
				6BD822741F8C28BE00A25A5E /* Settings.bundle in Resources */,
				6BD8226C1F8C28A800A25A5E /* LaunchScreen.storyboard in Resources */,
				6BD822691F8C28A800A25A5E /* Assets.xcassets in Resources */,
				6BD822671F8C28A800A25A5E /* Main.storyboard in Resources */,
			);
			runOnlyForDeploymentPostprocessing = 0;
		};
/* End PBXResourcesBuildPhase section */

/* Begin PBXSourcesBuildPhase section */
		6BD8225A1F8C28A800A25A5E /* Sources */ = {
			isa = PBXSourcesBuildPhase;
			buildActionMask = 2147483647;
			files = (
				6BD822641F8C28A800A25A5E /* ViewController.swift in Sources */,
				6BD822621F8C28A800A25A5E /* AppDelegate.swift in Sources */,
				6B9C551F1F8ED31B001E07FD /* Constants.swift in Sources */,
			);
			runOnlyForDeploymentPostprocessing = 0;
		};
/* End PBXSourcesBuildPhase section */

/* Begin PBXVariantGroup section */
		6BD822651F8C28A800A25A5E /* Main.storyboard */ = {
			isa = PBXVariantGroup;
			children = (
				6BD822661F8C28A800A25A5E /* Base */,
			);
			name = Main.storyboard;
			sourceTree = "<group>";
		};
		6BD8226A1F8C28A800A25A5E /* LaunchScreen.storyboard */ = {
			isa = PBXVariantGroup;
			children = (
				6BD8226B1F8C28A800A25A5E /* Base */,
			);
			name = LaunchScreen.storyboard;
			sourceTree = "<group>";
		};
/* End PBXVariantGroup section */

/* Begin XCBuildConfiguration section */
		6BD8226E1F8C28A800A25A5E /* Debug */ = {
			isa = XCBuildConfiguration;
			buildSettings = {
				ALWAYS_SEARCH_USER_PATHS = NO;
				CLANG_ANALYZER_NONNULL = YES;
				CLANG_ANALYZER_NUMBER_OBJECT_CONVERSION = YES_AGGRESSIVE;
				CLANG_CXX_LANGUAGE_STANDARD = "gnu++0x";
				CLANG_CXX_LIBRARY = "libc++";
				CLANG_ENABLE_MODULES = YES;
				CLANG_ENABLE_OBJC_ARC = YES;
				CLANG_WARN_BOOL_CONVERSION = YES;
				CLANG_WARN_CONSTANT_CONVERSION = YES;
				CLANG_WARN_DIRECT_OBJC_ISA_USAGE = YES_ERROR;
				CLANG_WARN_DOCUMENTATION_COMMENTS = YES;
				CLANG_WARN_EMPTY_BODY = YES;
				CLANG_WARN_ENUM_CONVERSION = YES;
				CLANG_WARN_INFINITE_RECURSION = YES;
				CLANG_WARN_INT_CONVERSION = YES;
				CLANG_WARN_OBJC_ROOT_CLASS = YES_ERROR;
				CLANG_WARN_SUSPICIOUS_MOVE = YES;
				CLANG_WARN_UNREACHABLE_CODE = YES;
				CLANG_WARN__DUPLICATE_METHOD_MATCH = YES;
				"CODE_SIGN_IDENTITY[sdk=iphoneos*]" = "iPhone Developer";
				COPY_PHASE_STRIP = NO;
				DEBUG_INFORMATION_FORMAT = dwarf;
				ENABLE_STRICT_OBJC_MSGSEND = YES;
				ENABLE_TESTABILITY = YES;
				GCC_C_LANGUAGE_STANDARD = gnu99;
				GCC_DYNAMIC_NO_PIC = NO;
				GCC_NO_COMMON_BLOCKS = YES;
				GCC_OPTIMIZATION_LEVEL = 0;
				GCC_PREPROCESSOR_DEFINITIONS = (
					"DEBUG=1",
					"$(inherited)",
				);
				GCC_WARN_64_TO_32_BIT_CONVERSION = YES;
				GCC_WARN_ABOUT_RETURN_TYPE = YES_ERROR;
				GCC_WARN_UNDECLARED_SELECTOR = YES;
				GCC_WARN_UNINITIALIZED_AUTOS = YES_AGGRESSIVE;
				GCC_WARN_UNUSED_FUNCTION = YES;
				GCC_WARN_UNUSED_VARIABLE = YES;
				IPHONEOS_DEPLOYMENT_TARGET = 10.3;
				MTL_ENABLE_DEBUG_INFO = YES;
				ONLY_ACTIVE_ARCH = YES;
				SDKROOT = iphoneos;
				SWIFT_ACTIVE_COMPILATION_CONDITIONS = DEBUG;
				SWIFT_OPTIMIZATION_LEVEL = "-Onone";
				TARGETED_DEVICE_FAMILY = "1,2";
			};
			name = Debug;
		};
		6BD8226F1F8C28A800A25A5E /* Release */ = {
			isa = XCBuildConfiguration;
			buildSettings = {
				ALWAYS_SEARCH_USER_PATHS = NO;
				CLANG_ANALYZER_NONNULL = YES;
				CLANG_ANALYZER_NUMBER_OBJECT_CONVERSION = YES_AGGRESSIVE;
				CLANG_CXX_LANGUAGE_STANDARD = "gnu++0x";
				CLANG_CXX_LIBRARY = "libc++";
				CLANG_ENABLE_MODULES = YES;
				CLANG_ENABLE_OBJC_ARC = YES;
				CLANG_WARN_BOOL_CONVERSION = YES;
				CLANG_WARN_CONSTANT_CONVERSION = YES;
				CLANG_WARN_DIRECT_OBJC_ISA_USAGE = YES_ERROR;
				CLANG_WARN_DOCUMENTATION_COMMENTS = YES;
				CLANG_WARN_EMPTY_BODY = YES;
				CLANG_WARN_ENUM_CONVERSION = YES;
				CLANG_WARN_INFINITE_RECURSION = YES;
				CLANG_WARN_INT_CONVERSION = YES;
				CLANG_WARN_OBJC_ROOT_CLASS = YES_ERROR;
				CLANG_WARN_SUSPICIOUS_MOVE = YES;
				CLANG_WARN_UNREACHABLE_CODE = YES;
				CLANG_WARN__DUPLICATE_METHOD_MATCH = YES;
				"CODE_SIGN_IDENTITY[sdk=iphoneos*]" = "iPhone Developer";
				COPY_PHASE_STRIP = NO;
				DEBUG_INFORMATION_FORMAT = "dwarf-with-dsym";
				ENABLE_NS_ASSERTIONS = NO;
				ENABLE_STRICT_OBJC_MSGSEND = YES;
				GCC_C_LANGUAGE_STANDARD = gnu99;
				GCC_NO_COMMON_BLOCKS = YES;
				GCC_WARN_64_TO_32_BIT_CONVERSION = YES;
				GCC_WARN_ABOUT_RETURN_TYPE = YES_ERROR;
				GCC_WARN_UNDECLARED_SELECTOR = YES;
				GCC_WARN_UNINITIALIZED_AUTOS = YES_AGGRESSIVE;
				GCC_WARN_UNUSED_FUNCTION = YES;
				GCC_WARN_UNUSED_VARIABLE = YES;
				IPHONEOS_DEPLOYMENT_TARGET = 10.3;
				MTL_ENABLE_DEBUG_INFO = NO;
				SDKROOT = iphoneos;
				SWIFT_OPTIMIZATION_LEVEL = "-Owholemodule";
				TARGETED_DEVICE_FAMILY = "1,2";
				VALIDATE_PRODUCT = YES;
			};
			name = Release;
		};
		6BD822711F8C28A800A25A5E /* Debug */ = {
			isa = XCBuildConfiguration;
			buildSettings = {
				ASSETCATALOG_COMPILER_APPICON_NAME = AppIcon;
				INFOPLIST_FILE = prefsAreSet/Info.plist;
				LD_RUNPATH_SEARCH_PATHS = "$(inherited) @executable_path/Frameworks";
				PRODUCT_BUNDLE_IDENTIFIER = edu.indiana.cs.a290zy7.prefsAreSet;
				PRODUCT_NAME = "$(TARGET_NAME)";
				SWIFT_VERSION = 3.0;
			};
			name = Debug;
		};
		6BD822721F8C28A800A25A5E /* Release */ = {
			isa = XCBuildConfiguration;
			buildSettings = {
				ASSETCATALOG_COMPILER_APPICON_NAME = AppIcon;
				INFOPLIST_FILE = prefsAreSet/Info.plist;
				LD_RUNPATH_SEARCH_PATHS = "$(inherited) @executable_path/Frameworks";
				PRODUCT_BUNDLE_IDENTIFIER = edu.indiana.cs.a290zy7.prefsAreSet;
				PRODUCT_NAME = "$(TARGET_NAME)";
				SWIFT_VERSION = 3.0;
			};
			name = Release;
		};
/* End XCBuildConfiguration section */

/* Begin XCConfigurationList section */
		6BD822591F8C28A800A25A5E /* Build configuration list for PBXProject "prefsAreSet" */ = {
			isa = XCConfigurationList;
			buildConfigurations = (
				6BD8226E1F8C28A800A25A5E /* Debug */,
				6BD8226F1F8C28A800A25A5E /* Release */,
			);
			defaultConfigurationIsVisible = 0;
			defaultConfigurationName = Release;
		};
		6BD822701F8C28A800A25A5E /* Build configuration list for PBXNativeTarget "prefsAreSet" */ = {
			isa = XCConfigurationList;
			buildConfigurations = (
				6BD822711F8C28A800A25A5E /* Debug */,
				6BD822721F8C28A800A25A5E /* Release */,
			);
			defaultConfigurationIsVisible = 0;
			defaultConfigurationName = Release;
		};
/* End XCConfigurationList section */
	};
	rootObject = 6BD822561F8C28A800A25A5E /* Project object */;
}
